
Microsoft Visual Studio Solution File, Format Version 12.00
# Visual Studio 14
VisualStudioVersion = 14.0.24720.0
MinimumVisualStudioVersion = 10.0.40219.1
Project("{FAE04EC0-301F-11D3-BF4B-00C04F79EFBC}") = "JsonVisualizerForVisualStudio", "JsonVisualizerForVisualStudio\JsonVisualizerForVisualStudio.csproj", "{F3A6C4FA-740B-4D8D-8137-2F3A490DB335}"
EndProject
Project("{FAE04EC0-301F-11D3-BF4B-00C04F79EFBC}") = "Test", "Test\Test.csproj", "{7A4A5D99-8583-4CAF-931D-F7AFE5C71794}"
EndProject
Global
	GlobalSection(SolutionConfigurationPlatforms) = preSolution
		Debug|Any CPU = Debug|Any CPU
		Release|Any CPU = Release|Any CPU
	EndGlobalSection
	GlobalSection(ProjectConfigurationPlatforms) = postSolution
		{F3A6C4FA-740B-4D8D-8137-2F3A490DB335}.Debug|Any CPU.ActiveCfg = Debug|Any CPU
		{F3A6C4FA-740B-4D8D-8137-2F3A490DB335}.Debug|Any CPU.Build.0 = Debug|Any CPU
		{F3A6C4FA-740B-4D8D-8137-2F3A490DB335}.Release|Any CPU.ActiveCfg = Release|Any CPU
		{F3A6C4FA-740B-4D8D-8137-2F3A490DB335}.Release|Any CPU.Build.0 = Release|Any CPU
		{7A4A5D99-8583-4CAF-931D-F7AFE5C71794}.Debug|Any CPU.ActiveCfg = Debug|Any CPU
		{7A4A5D99-8583-4CAF-931D-F7AFE5C71794}.Debug|Any CPU.Build.0 = Debug|Any CPU
		{7A4A5D99-8583-4CAF-931D-F7AFE5C71794}.Release|Any CPU.ActiveCfg = Release|Any CPU
		{7A4A5D99-8583-4CAF-931D-F7AFE5C71794}.Release|Any CPU.Build.0 = Release|Any CPU
	EndGlobalSection
	GlobalSection(SolutionProperties) = preSolution
		HideSolutionNode = FALSE
	EndGlobalSection
	GlobalSection(TeamFoundationVersionControl) = preSolution
		SccNumberOfProjects = 3
		SccEnterpriseProvider = {4CA58AB2-18FA-4F8D-95D4-32DDF27D184C}
		SccTeamFoundationServer = https://yumi.visualstudio.com/defaultcollection
		SccLocalPath0 = .
		SccProjectUniqueName1 = JsonVisualizerForVisualStudio\\JsonVisualizerForVisualStudio.csproj
		SccProjectName1 = JsonVisualizerForVisualStudio
		SccLocalPath1 = JsonVisualizerForVisualStudio
		SccProjectUniqueName2 = Test\\Test.csproj
		SccProjectName2 = Test
		SccLocalPath2 = Test
	EndGlobalSection
EndGlobal
